
Microsoft Visual Studio Solution File, Format Version 11.00
# Visual Studio 2010
Project("{FAE04EC0-301F-11D3-BF4B-00C04F79EFBC}") = "GoCardlessSdk", "GoCardlessSdk\GoCardlessSdk.csproj", "{36CDA1FB-4093-41ED-9879-CD18EFCCE80B}"
EndProject
Project("{FAE04EC0-301F-11D3-BF4B-00C04F79EFBC}") = "GoCardlessSdk.Net2", "GoCardlessSdk.Net2\GoCardlessSdk.Net2.csproj", "{C8AA0C78-ED08-4912-ABB5-921661A8E9C5}"
EndProject
Project("{FAE04EC0-301F-11D3-BF4B-00C04F79EFBC}") = "GoCardlessSdk.Tests", "GoCardlessSdk.Tests\GoCardlessSdk.Tests.csproj", "{5DE0A32E-5920-44CD-8272-1311094D6932}"
EndProject
Global
	GlobalSection(SolutionConfigurationPlatforms) = preSolution
		Debug|Any CPU = Debug|Any CPU
		Release|Any CPU = Release|Any CPU
	EndGlobalSection
	GlobalSection(ProjectConfigurationPlatforms) = postSolution
		{36CDA1FB-4093-41ED-9879-CD18EFCCE80B}.Debug|Any CPU.ActiveCfg = Debug|Any CPU
		{36CDA1FB-4093-41ED-9879-CD18EFCCE80B}.Debug|Any CPU.Build.0 = Debug|Any CPU
		{36CDA1FB-4093-41ED-9879-CD18EFCCE80B}.Release|Any CPU.ActiveCfg = Release|Any CPU
		{36CDA1FB-4093-41ED-9879-CD18EFCCE80B}.Release|Any CPU.Build.0 = Release|Any CPU
		{C8AA0C78-ED08-4912-ABB5-921661A8E9C5}.Debug|Any CPU.ActiveCfg = Debug|Any CPU
		{C8AA0C78-ED08-4912-ABB5-921661A8E9C5}.Debug|Any CPU.Build.0 = Debug|Any CPU
		{C8AA0C78-ED08-4912-ABB5-921661A8E9C5}.Release|Any CPU.ActiveCfg = Release|Any CPU
		{C8AA0C78-ED08-4912-ABB5-921661A8E9C5}.Release|Any CPU.Build.0 = Release|Any CPU
		{5DE0A32E-5920-44CD-8272-1311094D6932}.Debug|Any CPU.ActiveCfg = Debug|Any CPU
		{5DE0A32E-5920-44CD-8272-1311094D6932}.Debug|Any CPU.Build.0 = Debug|Any CPU
		{5DE0A32E-5920-44CD-8272-1311094D6932}.Release|Any CPU.ActiveCfg = Release|Any CPU
		{5DE0A32E-5920-44CD-8272-1311094D6932}.Release|Any CPU.Build.0 = Release|Any CPU
	EndGlobalSection
	GlobalSection(SolutionProperties) = preSolution
		HideSolutionNode = FALSE
	EndGlobalSection
EndGlobal
